
Microsoft Visual Studio Solution File, Format Version 12.00
# Visual Studio Version 17
VisualStudioVersion = 17.11.35222.181
MinimumVisualStudioVersion = 10.0.40219.1
Project("{9A19103F-16F7-4668-BE54-9A1E7A4F7556}") = "Ownaudio", "OwnaudioSrc\Ownaudio.csproj", "{159C3715-2051-4321-A821-C05B18B7DDAF}"
EndProject
Project("{FAE04EC0-301F-11D3-BF4B-00C04F79EFBC}") = "Simpleplayer", "Examples\Simpleplayer\Simpleplayer.csproj", "{8015F2FE-4F99-2CE3-FF89-9D3EAC4F8E38}"
EndProject
Project("{FAE04EC0-301F-11D3-BF4B-00C04F79EFBC}") = "Multitrackplayer", "Examples\Multitrackplayer\Multitrackplayer.csproj", "{1D54BA61-BE64-42DE-A38C-3E2BD7EFBDD5}"
EndProject
Project("{FAE04EC0-301F-11D3-BF4B-00C04F79EFBC}") = "Microphone", "Examples\Microphone\Microphone.csproj", "{5155302A-0BCB-2647-9326-8CFE82EAFD55}"
EndProject
Project("{FAE04EC0-301F-11D3-BF4B-00C04F79EFBC}") = "FXUsage", "Examples\FXUsage\FXUsage.csproj", "{1368B7BE-832D-4609-85E0-82A3460A4603}"
EndProject
Project("{FAE04EC0-301F-11D3-BF4B-00C04F79EFBC}") = "PitchTempo", "Examples\PitchTempo\PitchTempo.csproj", "{D6476DEB-2948-E497-4B4B-CF115EBA327F}"
EndProject
Project("{FAE04EC0-301F-11D3-BF4B-00C04F79EFBC}") = "AudioEngine", "Examples\AudioEngine\AudioEngine.csproj", "{7CA06F44-6D2F-41FA-89C9-0BEA50E43917}"
EndProject
Project("{FAE04EC0-301F-11D3-BF4B-00C04F79EFBC}") = "RealTimeData", "Examples\RealTimeData\RealTimeData.csproj", "{2AF32FAF-8F64-4E6C-B8B6-D294581A28BA}"
EndProject
Global
	GlobalSection(SolutionConfigurationPlatforms) = preSolution
		Debug|Any CPU = Debug|Any CPU
		Release|Any CPU = Release|Any CPU
	EndGlobalSection
	GlobalSection(ProjectConfigurationPlatforms) = postSolution
		{159C3715-2051-4321-A821-C05B18B7DDAF}.Debug|Any CPU.ActiveCfg = Debug|Any CPU
		{159C3715-2051-4321-A821-C05B18B7DDAF}.Debug|Any CPU.Build.0 = Debug|Any CPU
		{159C3715-2051-4321-A821-C05B18B7DDAF}.Release|Any CPU.ActiveCfg = Release|Any CPU
		{159C3715-2051-4321-A821-C05B18B7DDAF}.Release|Any CPU.Build.0 = Release|Any CPU
		{8015F2FE-4F99-2CE3-FF89-9D3EAC4F8E38}.Debug|Any CPU.ActiveCfg = Debug|Any CPU
		{8015F2FE-4F99-2CE3-FF89-9D3EAC4F8E38}.Debug|Any CPU.Build.0 = Debug|Any CPU
		{8015F2FE-4F99-2CE3-FF89-9D3EAC4F8E38}.Release|Any CPU.ActiveCfg = Release|Any CPU
		{8015F2FE-4F99-2CE3-FF89-9D3EAC4F8E38}.Release|Any CPU.Build.0 = Release|Any CPU
		{1D54BA61-BE64-42DE-A38C-3E2BD7EFBDD5}.Debug|Any CPU.ActiveCfg = Debug|Any CPU
		{1D54BA61-BE64-42DE-A38C-3E2BD7EFBDD5}.Debug|Any CPU.Build.0 = Debug|Any CPU
		{1D54BA61-BE64-42DE-A38C-3E2BD7EFBDD5}.Release|Any CPU.ActiveCfg = Release|Any CPU
		{1D54BA61-BE64-42DE-A38C-3E2BD7EFBDD5}.Release|Any CPU.Build.0 = Release|Any CPU
		{5155302A-0BCB-2647-9326-8CFE82EAFD55}.Debug|Any CPU.ActiveCfg = Debug|Any CPU
		{5155302A-0BCB-2647-9326-8CFE82EAFD55}.Debug|Any CPU.Build.0 = Debug|Any CPU
		{5155302A-0BCB-2647-9326-8CFE82EAFD55}.Release|Any CPU.ActiveCfg = Release|Any CPU
		{5155302A-0BCB-2647-9326-8CFE82EAFD55}.Release|Any CPU.Build.0 = Release|Any CPU
		{1368B7BE-832D-4609-85E0-82A3460A4603}.Debug|Any CPU.ActiveCfg = Debug|Any CPU
		{1368B7BE-832D-4609-85E0-82A3460A4603}.Debug|Any CPU.Build.0 = Debug|Any CPU
		{1368B7BE-832D-4609-85E0-82A3460A4603}.Release|Any CPU.ActiveCfg = Release|Any CPU
		{1368B7BE-832D-4609-85E0-82A3460A4603}.Release|Any CPU.Build.0 = Release|Any CPU
		{D6476DEB-2948-E497-4B4B-CF115EBA327F}.Debug|Any CPU.ActiveCfg = Debug|Any CPU
		{D6476DEB-2948-E497-4B4B-CF115EBA327F}.Debug|Any CPU.Build.0 = Debug|Any CPU
		{D6476DEB-2948-E497-4B4B-CF115EBA327F}.Release|Any CPU.ActiveCfg = Release|Any CPU
		{D6476DEB-2948-E497-4B4B-CF115EBA327F}.Release|Any CPU.Build.0 = Release|Any CPU
		{7CA06F44-6D2F-41FA-89C9-0BEA50E43917}.Debug|Any CPU.ActiveCfg = Debug|Any CPU
		{7CA06F44-6D2F-41FA-89C9-0BEA50E43917}.Debug|Any CPU.Build.0 = Debug|Any CPU
		{7CA06F44-6D2F-41FA-89C9-0BEA50E43917}.Release|Any CPU.ActiveCfg = Release|Any CPU
		{7CA06F44-6D2F-41FA-89C9-0BEA50E43917}.Release|Any CPU.Build.0 = Release|Any CPU
		{2AF32FAF-8F64-4E6C-B8B6-D294581A28BA}.Debug|Any CPU.ActiveCfg = Debug|Any CPU
		{2AF32FAF-8F64-4E6C-B8B6-D294581A28BA}.Debug|Any CPU.Build.0 = Debug|Any CPU
		{2AF32FAF-8F64-4E6C-B8B6-D294581A28BA}.Release|Any CPU.ActiveCfg = Release|Any CPU
		{2AF32FAF-8F64-4E6C-B8B6-D294581A28BA}.Release|Any CPU.Build.0 = Release|Any CPU
	EndGlobalSection
	GlobalSection(SolutionProperties) = preSolution
		HideSolutionNode = FALSE
	EndGlobalSection
	GlobalSection(ExtensibilityGlobals) = postSolution
		SolutionGuid = {72FAA1E7-3C25-4F92-B9CC-39AA875AB913}
	EndGlobalSection
EndGlobal
