
Microsoft Visual Studio Solution File, Format Version 12.00
# Visual Studio Version 18
VisualStudioVersion = 18.0.11109.219
MinimumVisualStudioVersion = 10.0.40219.1
Project("{2150E333-8FDC-42A3-9474-1A3956D46DE8}") = "Engine", "Engine", "{A1B2C3D4-E5F6-7890-ABCD-EF1234567890}"
EndProject
Project("{2150E333-8FDC-42A3-9474-1A3956D46DE8}") = "Examples", "Examples", "{C3D4E5F6-A7B8-9012-CDEF-123456789012}"
EndProject
Project("{FAE04EC0-301F-11D3-BF4B-00C04F79EFBC}") = "Ownaudio.Core", "OwnAudioEngine\Ownaudio.Core\Ownaudio.Core.csproj", "{B9EB7923-1A73-4F91-8112-7548664DC0CF}"
EndProject
Project("{FAE04EC0-301F-11D3-BF4B-00C04F79EFBC}") = "Ownaudio.Windows", "OwnAudioEngine\Ownaudio.Windows\Ownaudio.Windows.csproj", "{1FC6AC99-D9CF-497A-9240-8D3B2079E781}"
EndProject
Project("{FAE04EC0-301F-11D3-BF4B-00C04F79EFBC}") = "MatchingExample", "OwnAudio\OwnaudioExamples\MatchingExample\MatchingExample.csproj", "{BAB69FCF-04FE-44ED-9DE9-318449DAF19E}"
EndProject
Project("{FAE04EC0-301F-11D3-BF4B-00C04F79EFBC}") = "OwnaudioNET", "OwnAudio\OwnaudioSource\OwnaudioNET.csproj", "{D5C415DA-A87A-8F21-0004-5ED7F593BDA1}"
EndProject
Project("{FAE04EC0-301F-11D3-BF4B-00C04F79EFBC}") = "OwnaudioNET.Mobile", "OwnAudio\OwnaudioSource\OwnaudioNET.Mobile.csproj", "{A5B6C7D8-E9F0-1234-5678-9ABCDEF01234}"
EndProject
Project("{2150E333-8FDC-42A3-9474-1A3956D46DE8}") = "OwnAudioAPI", "OwnAudioAPI", "{F8B29F87-CAE2-4246-ADC9-00FCFD26C22F}"
EndProject
Project("{FAE04EC0-301F-11D3-BF4B-00C04F79EFBC}") = "OwnaudioDesktopExample", "OwnAudio\OwnaudioExamples\OwnaudioDesktopExample\OwnaudioDesktopExample.csproj", "{ED5E93F9-7CD2-EF7F-D1F7-202ACB435049}"
EndProject
Project("{2150E333-8FDC-42A3-9474-1A3956D46DE8}") = "Tests", "Tests", "{19ECC34F-C8B2-4CB0-AEFF-090EF0EC46B8}"
EndProject
Project("{FAE04EC0-301F-11D3-BF4B-00C04F79EFBC}") = "Ownaudio.EngineTest", "OwnAudioTests\Ownaudio.EngineTest\Ownaudio.EngineTest.csproj", "{A1B2C3D4-5678-9ABC-DEF0-123456789ABC}"
EndProject
Project("{FAE04EC0-301F-11D3-BF4B-00C04F79EFBC}") = "Ownaudio.macOS", "OwnAudioEngine\Ownaudio.macOS\Ownaudio.macOS.csproj", "{8A5CEE1F-703C-043E-2EF2-7516CE4CF2CB}"
EndProject
Project("{FAE04EC0-301F-11D3-BF4B-00C04F79EFBC}") = "Ownaudio.Linux", "OwnAudioEngine\Ownaudio.Linux\Ownaudio.Linux.csproj", "{80390699-CA77-4FF8-A7A5-CD9A5768D475}"
EndProject
Project("{FAE04EC0-301F-11D3-BF4B-00C04F79EFBC}") = "ChordDetectExample", "OwnAudio\OwnaudioExamples\ChordDetectExample\ChordDetectExample.csproj", "{8E68006C-D65F-AB8A-081A-BC3CCC9A35DC}"
EndProject
Project("{FAE04EC0-301F-11D3-BF4B-00C04F79EFBC}") = "Ownaudio.OwnaudioNET", "OwnAudioTests\Ownaudio.OwnaudioNET\Ownaudio.OwnaudioNET.csproj", "{F1A2B3C4-D5E6-7890-ABCD-EF9876543210}"
EndProject
Project("{FAE04EC0-301F-11D3-BF4B-00C04F79EFBC}") = "OwnaudioInputExample", "OwnAudio\OwnaudioExamples\OwnaudioInputExample\OwnaudioInputExample.csproj", "{9A8B7C6D-5E4F-3A2B-1C0D-9E8F7A6B5C4D}"
EndProject
Project("{FAE04EC0-301F-11D3-BF4B-00C04F79EFBC}") = "VocalremoverExample", "OwnAudio\OwnaudioExamples\VocalRemoverExample\VocalremoverExample.csproj", "{48A6A5FB-8263-1BBF-52B6-8F16344F7B0F}"
EndProject
Project("{FAE04EC0-301F-11D3-BF4B-00C04F79EFBC}") = "Ownaudio.Android", "OwnAudioEngine\Ownaudio.Android\Ownaudio.Android.csproj", "{2A3B4C5D-6E7F-8901-2345-6789ABCDEF01}"
EndProject
Project("{FAE04EC0-301F-11D3-BF4B-00C04F79EFBC}") = "Ownaudio.iOS", "OwnAudioEngine\Ownaudio.iOS\Ownaudio.iOS.csproj", "{3B4C5D6E-7F89-0123-4567-89ABCDEF0123}"
EndProject
Project("{FAE04EC0-301F-11D3-BF4B-00C04F79EFBC}") = "OwnaudioAndroidExample", "OwnAudio\OwnaudioExamples\OwnaudioAndroidExample\OwnaudioAndroidExample.csproj", "{E0D4DA84-BF90-030D-BA16-BCF519702CC8}"
EndProject
Project("{FAE04EC0-301F-11D3-BF4B-00C04F79EFBC}") = "Ownaudio.Native", "OwnAudioEngine\Ownaudio.Native\Ownaudio.Native.csproj", "{19D871AC-710A-4AEF-ABA5-17CEFC61EEB7}"
EndProject
Project("{FAE04EC0-301F-11D3-BF4B-00C04F79EFBC}") = "MultitrackPlayer", "OwnAudio\OwnaudioExamples\MultitrackPlayer\MultitrackPlayer.csproj", "{263995E9-ED34-CB3A-4AD8-281CFDFC873F}"
EndProject
Global
	GlobalSection(SolutionConfigurationPlatforms) = preSolution
		Debug|Any CPU = Debug|Any CPU
		Debug|x64 = Debug|x64
		Debug|x86 = Debug|x86
		Release|Any CPU = Release|Any CPU
		Release|x64 = Release|x64
		Release|x86 = Release|x86
	EndGlobalSection
	GlobalSection(ProjectConfigurationPlatforms) = postSolution
		{B9EB7923-1A73-4F91-8112-7548664DC0CF}.Debug|Any CPU.ActiveCfg = Debug|Any CPU
		{B9EB7923-1A73-4F91-8112-7548664DC0CF}.Debug|Any CPU.Build.0 = Debug|Any CPU
		{B9EB7923-1A73-4F91-8112-7548664DC0CF}.Debug|Any CPU.Deploy.0 = Debug|Any CPU
		{B9EB7923-1A73-4F91-8112-7548664DC0CF}.Debug|x64.ActiveCfg = Debug|Any CPU
		{B9EB7923-1A73-4F91-8112-7548664DC0CF}.Debug|x64.Build.0 = Debug|Any CPU
		{B9EB7923-1A73-4F91-8112-7548664DC0CF}.Debug|x86.ActiveCfg = Debug|Any CPU
		{B9EB7923-1A73-4F91-8112-7548664DC0CF}.Debug|x86.Build.0 = Debug|Any CPU
		{B9EB7923-1A73-4F91-8112-7548664DC0CF}.Release|Any CPU.ActiveCfg = Release|Any CPU
		{B9EB7923-1A73-4F91-8112-7548664DC0CF}.Release|Any CPU.Build.0 = Release|Any CPU
		{B9EB7923-1A73-4F91-8112-7548664DC0CF}.Release|x64.ActiveCfg = Release|Any CPU
		{B9EB7923-1A73-4F91-8112-7548664DC0CF}.Release|x64.Build.0 = Release|Any CPU
		{B9EB7923-1A73-4F91-8112-7548664DC0CF}.Release|x86.ActiveCfg = Release|Any CPU
		{B9EB7923-1A73-4F91-8112-7548664DC0CF}.Release|x86.Build.0 = Release|Any CPU
		{1FC6AC99-D9CF-497A-9240-8D3B2079E781}.Debug|Any CPU.ActiveCfg = Debug|Any CPU
		{1FC6AC99-D9CF-497A-9240-8D3B2079E781}.Debug|Any CPU.Build.0 = Debug|Any CPU
		{1FC6AC99-D9CF-497A-9240-8D3B2079E781}.Debug|x64.ActiveCfg = Debug|x64
		{1FC6AC99-D9CF-497A-9240-8D3B2079E781}.Debug|x64.Build.0 = Debug|x64
		{1FC6AC99-D9CF-497A-9240-8D3B2079E781}.Debug|x86.ActiveCfg = Debug|Any CPU
		{1FC6AC99-D9CF-497A-9240-8D3B2079E781}.Debug|x86.Build.0 = Debug|Any CPU
		{1FC6AC99-D9CF-497A-9240-8D3B2079E781}.Release|Any CPU.ActiveCfg = Release|Any CPU
		{1FC6AC99-D9CF-497A-9240-8D3B2079E781}.Release|Any CPU.Build.0 = Release|Any CPU
		{1FC6AC99-D9CF-497A-9240-8D3B2079E781}.Release|x64.ActiveCfg = Release|x64
		{1FC6AC99-D9CF-497A-9240-8D3B2079E781}.Release|x64.Build.0 = Release|x64
		{1FC6AC99-D9CF-497A-9240-8D3B2079E781}.Release|x86.ActiveCfg = Release|x86
		{1FC6AC99-D9CF-497A-9240-8D3B2079E781}.Release|x86.Build.0 = Release|x86
		{BAB69FCF-04FE-44ED-9DE9-318449DAF19E}.Debug|Any CPU.ActiveCfg = Debug|Any CPU
		{BAB69FCF-04FE-44ED-9DE9-318449DAF19E}.Debug|Any CPU.Build.0 = Debug|Any CPU
		{BAB69FCF-04FE-44ED-9DE9-318449DAF19E}.Debug|x64.ActiveCfg = Debug|Any CPU
		{BAB69FCF-04FE-44ED-9DE9-318449DAF19E}.Debug|x64.Build.0 = Debug|Any CPU
		{BAB69FCF-04FE-44ED-9DE9-318449DAF19E}.Debug|x86.ActiveCfg = Debug|Any CPU
		{BAB69FCF-04FE-44ED-9DE9-318449DAF19E}.Debug|x86.Build.0 = Debug|Any CPU
		{BAB69FCF-04FE-44ED-9DE9-318449DAF19E}.Release|Any CPU.ActiveCfg = Release|Any CPU
		{BAB69FCF-04FE-44ED-9DE9-318449DAF19E}.Release|Any CPU.Build.0 = Release|Any CPU
		{BAB69FCF-04FE-44ED-9DE9-318449DAF19E}.Release|x64.ActiveCfg = Release|Any CPU
		{BAB69FCF-04FE-44ED-9DE9-318449DAF19E}.Release|x64.Build.0 = Release|Any CPU
		{BAB69FCF-04FE-44ED-9DE9-318449DAF19E}.Release|x86.ActiveCfg = Release|Any CPU
		{BAB69FCF-04FE-44ED-9DE9-318449DAF19E}.Release|x86.Build.0 = Release|Any CPU
		{D5C415DA-A87A-8F21-0004-5ED7F593BDA1}.Debug|Any CPU.ActiveCfg = Debug|Any CPU
		{D5C415DA-A87A-8F21-0004-5ED7F593BDA1}.Debug|Any CPU.Build.0 = Debug|Any CPU
		{D5C415DA-A87A-8F21-0004-5ED7F593BDA1}.Debug|x64.ActiveCfg = Debug|Any CPU
		{D5C415DA-A87A-8F21-0004-5ED7F593BDA1}.Debug|x64.Build.0 = Debug|Any CPU
		{D5C415DA-A87A-8F21-0004-5ED7F593BDA1}.Debug|x86.ActiveCfg = Debug|Any CPU
		{D5C415DA-A87A-8F21-0004-5ED7F593BDA1}.Debug|x86.Build.0 = Debug|Any CPU
		{D5C415DA-A87A-8F21-0004-5ED7F593BDA1}.Release|Any CPU.ActiveCfg = Release|Any CPU
		{D5C415DA-A87A-8F21-0004-5ED7F593BDA1}.Release|Any CPU.Build.0 = Release|Any CPU
		{D5C415DA-A87A-8F21-0004-5ED7F593BDA1}.Release|x64.ActiveCfg = Release|Any CPU
		{D5C415DA-A87A-8F21-0004-5ED7F593BDA1}.Release|x64.Build.0 = Release|Any CPU
		{D5C415DA-A87A-8F21-0004-5ED7F593BDA1}.Release|x86.ActiveCfg = Release|Any CPU
		{D5C415DA-A87A-8F21-0004-5ED7F593BDA1}.Release|x86.Build.0 = Release|Any CPU
		{A5B6C7D8-E9F0-1234-5678-9ABCDEF01234}.Debug|Any CPU.ActiveCfg = Debug|Any CPU
		{A5B6C7D8-E9F0-1234-5678-9ABCDEF01234}.Debug|Any CPU.Build.0 = Debug|Any CPU
		{A5B6C7D8-E9F0-1234-5678-9ABCDEF01234}.Debug|Any CPU.Deploy.0 = Debug|Any CPU
		{A5B6C7D8-E9F0-1234-5678-9ABCDEF01234}.Debug|x64.ActiveCfg = Debug|Any CPU
		{A5B6C7D8-E9F0-1234-5678-9ABCDEF01234}.Debug|x64.Build.0 = Debug|Any CPU
		{A5B6C7D8-E9F0-1234-5678-9ABCDEF01234}.Debug|x86.ActiveCfg = Debug|Any CPU
		{A5B6C7D8-E9F0-1234-5678-9ABCDEF01234}.Debug|x86.Build.0 = Debug|Any CPU
		{A5B6C7D8-E9F0-1234-5678-9ABCDEF01234}.Release|Any CPU.ActiveCfg = Release|Any CPU
		{A5B6C7D8-E9F0-1234-5678-9ABCDEF01234}.Release|Any CPU.Build.0 = Release|Any CPU
		{A5B6C7D8-E9F0-1234-5678-9ABCDEF01234}.Release|Any CPU.Deploy.0 = Release|Any CPU
		{A5B6C7D8-E9F0-1234-5678-9ABCDEF01234}.Release|x64.ActiveCfg = Release|Any CPU
		{A5B6C7D8-E9F0-1234-5678-9ABCDEF01234}.Release|x64.Build.0 = Release|Any CPU
		{A5B6C7D8-E9F0-1234-5678-9ABCDEF01234}.Release|x86.ActiveCfg = Release|Any CPU
		{A5B6C7D8-E9F0-1234-5678-9ABCDEF01234}.Release|x86.Build.0 = Release|Any CPU
		{ED5E93F9-7CD2-EF7F-D1F7-202ACB435049}.Debug|Any CPU.ActiveCfg = Debug|Any CPU
		{ED5E93F9-7CD2-EF7F-D1F7-202ACB435049}.Debug|Any CPU.Build.0 = Debug|Any CPU
		{ED5E93F9-7CD2-EF7F-D1F7-202ACB435049}.Debug|x64.ActiveCfg = Debug|Any CPU
		{ED5E93F9-7CD2-EF7F-D1F7-202ACB435049}.Debug|x64.Build.0 = Debug|Any CPU
		{ED5E93F9-7CD2-EF7F-D1F7-202ACB435049}.Debug|x86.ActiveCfg = Debug|Any CPU
		{ED5E93F9-7CD2-EF7F-D1F7-202ACB435049}.Debug|x86.Build.0 = Debug|Any CPU
		{ED5E93F9-7CD2-EF7F-D1F7-202ACB435049}.Release|Any CPU.ActiveCfg = Release|Any CPU
		{ED5E93F9-7CD2-EF7F-D1F7-202ACB435049}.Release|Any CPU.Build.0 = Release|Any CPU
		{ED5E93F9-7CD2-EF7F-D1F7-202ACB435049}.Release|x64.ActiveCfg = Release|Any CPU
		{ED5E93F9-7CD2-EF7F-D1F7-202ACB435049}.Release|x64.Build.0 = Release|Any CPU
		{ED5E93F9-7CD2-EF7F-D1F7-202ACB435049}.Release|x86.ActiveCfg = Release|Any CPU
		{ED5E93F9-7CD2-EF7F-D1F7-202ACB435049}.Release|x86.Build.0 = Release|Any CPU
		{A1B2C3D4-5678-9ABC-DEF0-123456789ABC}.Debug|Any CPU.ActiveCfg = Debug|Any CPU
		{A1B2C3D4-5678-9ABC-DEF0-123456789ABC}.Debug|Any CPU.Build.0 = Debug|Any CPU
		{A1B2C3D4-5678-9ABC-DEF0-123456789ABC}.Debug|x64.ActiveCfg = Debug|x64
		{A1B2C3D4-5678-9ABC-DEF0-123456789ABC}.Debug|x64.Build.0 = Debug|x64
		{A1B2C3D4-5678-9ABC-DEF0-123456789ABC}.Debug|x86.ActiveCfg = Debug|Any CPU
		{A1B2C3D4-5678-9ABC-DEF0-123456789ABC}.Debug|x86.Build.0 = Debug|Any CPU
		{A1B2C3D4-5678-9ABC-DEF0-123456789ABC}.Release|Any CPU.ActiveCfg = Release|Any CPU
		{A1B2C3D4-5678-9ABC-DEF0-123456789ABC}.Release|Any CPU.Build.0 = Release|Any CPU
		{A1B2C3D4-5678-9ABC-DEF0-123456789ABC}.Release|x64.ActiveCfg = Release|x64
		{A1B2C3D4-5678-9ABC-DEF0-123456789ABC}.Release|x64.Build.0 = Release|x64
		{A1B2C3D4-5678-9ABC-DEF0-123456789ABC}.Release|x86.ActiveCfg = Release|x86
		{A1B2C3D4-5678-9ABC-DEF0-123456789ABC}.Release|x86.Build.0 = Release|x86
		{8A5CEE1F-703C-043E-2EF2-7516CE4CF2CB}.Debug|Any CPU.ActiveCfg = Debug|Any CPU
		{8A5CEE1F-703C-043E-2EF2-7516CE4CF2CB}.Debug|Any CPU.Build.0 = Debug|Any CPU
		{8A5CEE1F-703C-043E-2EF2-7516CE4CF2CB}.Debug|x64.ActiveCfg = Debug|Any CPU
		{8A5CEE1F-703C-043E-2EF2-7516CE4CF2CB}.Debug|x64.Build.0 = Debug|Any CPU
		{8A5CEE1F-703C-043E-2EF2-7516CE4CF2CB}.Debug|x86.ActiveCfg = Debug|Any CPU
		{8A5CEE1F-703C-043E-2EF2-7516CE4CF2CB}.Debug|x86.Build.0 = Debug|Any CPU
		{8A5CEE1F-703C-043E-2EF2-7516CE4CF2CB}.Release|Any CPU.ActiveCfg = Release|Any CPU
		{8A5CEE1F-703C-043E-2EF2-7516CE4CF2CB}.Release|Any CPU.Build.0 = Release|Any CPU
		{8A5CEE1F-703C-043E-2EF2-7516CE4CF2CB}.Release|x64.ActiveCfg = Release|Any CPU
		{8A5CEE1F-703C-043E-2EF2-7516CE4CF2CB}.Release|x64.Build.0 = Release|Any CPU
		{8A5CEE1F-703C-043E-2EF2-7516CE4CF2CB}.Release|x86.ActiveCfg = Release|Any CPU
		{8A5CEE1F-703C-043E-2EF2-7516CE4CF2CB}.Release|x86.Build.0 = Release|Any CPU
		{80390699-CA77-4FF8-A7A5-CD9A5768D475}.Debug|Any CPU.ActiveCfg = Debug|Any CPU
		{80390699-CA77-4FF8-A7A5-CD9A5768D475}.Debug|Any CPU.Build.0 = Debug|Any CPU
		{80390699-CA77-4FF8-A7A5-CD9A5768D475}.Debug|x64.ActiveCfg = Debug|x64
		{80390699-CA77-4FF8-A7A5-CD9A5768D475}.Debug|x64.Build.0 = Debug|x64
		{80390699-CA77-4FF8-A7A5-CD9A5768D475}.Debug|x86.ActiveCfg = Debug|Any CPU
		{80390699-CA77-4FF8-A7A5-CD9A5768D475}.Debug|x86.Build.0 = Debug|Any CPU
		{80390699-CA77-4FF8-A7A5-CD9A5768D475}.Release|Any CPU.ActiveCfg = Release|Any CPU
		{80390699-CA77-4FF8-A7A5-CD9A5768D475}.Release|Any CPU.Build.0 = Release|Any CPU
		{80390699-CA77-4FF8-A7A5-CD9A5768D475}.Release|x64.ActiveCfg = Release|x64
		{80390699-CA77-4FF8-A7A5-CD9A5768D475}.Release|x64.Build.0 = Release|x64
		{80390699-CA77-4FF8-A7A5-CD9A5768D475}.Release|x86.ActiveCfg = Release|Any CPU
		{80390699-CA77-4FF8-A7A5-CD9A5768D475}.Release|x86.Build.0 = Release|Any CPU
		{8E68006C-D65F-AB8A-081A-BC3CCC9A35DC}.Debug|Any CPU.ActiveCfg = Debug|Any CPU
		{8E68006C-D65F-AB8A-081A-BC3CCC9A35DC}.Debug|Any CPU.Build.0 = Debug|Any CPU
		{8E68006C-D65F-AB8A-081A-BC3CCC9A35DC}.Debug|x64.ActiveCfg = Debug|Any CPU
		{8E68006C-D65F-AB8A-081A-BC3CCC9A35DC}.Debug|x64.Build.0 = Debug|Any CPU
		{8E68006C-D65F-AB8A-081A-BC3CCC9A35DC}.Debug|x86.ActiveCfg = Debug|Any CPU
		{8E68006C-D65F-AB8A-081A-BC3CCC9A35DC}.Debug|x86.Build.0 = Debug|Any CPU
		{8E68006C-D65F-AB8A-081A-BC3CCC9A35DC}.Release|Any CPU.ActiveCfg = Release|Any CPU
		{8E68006C-D65F-AB8A-081A-BC3CCC9A35DC}.Release|Any CPU.Build.0 = Release|Any CPU
		{8E68006C-D65F-AB8A-081A-BC3CCC9A35DC}.Release|x64.ActiveCfg = Release|Any CPU
		{8E68006C-D65F-AB8A-081A-BC3CCC9A35DC}.Release|x64.Build.0 = Release|Any CPU
		{8E68006C-D65F-AB8A-081A-BC3CCC9A35DC}.Release|x86.ActiveCfg = Release|Any CPU
		{8E68006C-D65F-AB8A-081A-BC3CCC9A35DC}.Release|x86.Build.0 = Release|Any CPU
		{F1A2B3C4-D5E6-7890-ABCD-EF9876543210}.Debug|Any CPU.ActiveCfg = Debug|Any CPU
		{F1A2B3C4-D5E6-7890-ABCD-EF9876543210}.Debug|Any CPU.Build.0 = Debug|Any CPU
		{F1A2B3C4-D5E6-7890-ABCD-EF9876543210}.Debug|x64.ActiveCfg = Debug|Any CPU
		{F1A2B3C4-D5E6-7890-ABCD-EF9876543210}.Debug|x64.Build.0 = Debug|Any CPU
		{F1A2B3C4-D5E6-7890-ABCD-EF9876543210}.Debug|x86.ActiveCfg = Debug|Any CPU
		{F1A2B3C4-D5E6-7890-ABCD-EF9876543210}.Debug|x86.Build.0 = Debug|Any CPU
		{F1A2B3C4-D5E6-7890-ABCD-EF9876543210}.Release|Any CPU.ActiveCfg = Release|Any CPU
		{F1A2B3C4-D5E6-7890-ABCD-EF9876543210}.Release|Any CPU.Build.0 = Release|Any CPU
		{F1A2B3C4-D5E6-7890-ABCD-EF9876543210}.Release|x64.ActiveCfg = Release|Any CPU
		{F1A2B3C4-D5E6-7890-ABCD-EF9876543210}.Release|x64.Build.0 = Release|Any CPU
		{F1A2B3C4-D5E6-7890-ABCD-EF9876543210}.Release|x86.ActiveCfg = Release|Any CPU
		{F1A2B3C4-D5E6-7890-ABCD-EF9876543210}.Release|x86.Build.0 = Release|Any CPU
		{9A8B7C6D-5E4F-3A2B-1C0D-9E8F7A6B5C4D}.Debug|Any CPU.ActiveCfg = Debug|Any CPU
		{9A8B7C6D-5E4F-3A2B-1C0D-9E8F7A6B5C4D}.Debug|Any CPU.Build.0 = Debug|Any CPU
		{9A8B7C6D-5E4F-3A2B-1C0D-9E8F7A6B5C4D}.Debug|x64.ActiveCfg = Debug|Any CPU
		{9A8B7C6D-5E4F-3A2B-1C0D-9E8F7A6B5C4D}.Debug|x64.Build.0 = Debug|Any CPU
		{9A8B7C6D-5E4F-3A2B-1C0D-9E8F7A6B5C4D}.Debug|x86.ActiveCfg = Debug|Any CPU
		{9A8B7C6D-5E4F-3A2B-1C0D-9E8F7A6B5C4D}.Debug|x86.Build.0 = Debug|Any CPU
		{9A8B7C6D-5E4F-3A2B-1C0D-9E8F7A6B5C4D}.Release|Any CPU.ActiveCfg = Release|Any CPU
		{9A8B7C6D-5E4F-3A2B-1C0D-9E8F7A6B5C4D}.Release|Any CPU.Build.0 = Release|Any CPU
		{9A8B7C6D-5E4F-3A2B-1C0D-9E8F7A6B5C4D}.Release|x64.ActiveCfg = Release|Any CPU
		{9A8B7C6D-5E4F-3A2B-1C0D-9E8F7A6B5C4D}.Release|x64.Build.0 = Release|Any CPU
		{9A8B7C6D-5E4F-3A2B-1C0D-9E8F7A6B5C4D}.Release|x86.ActiveCfg = Release|Any CPU
		{9A8B7C6D-5E4F-3A2B-1C0D-9E8F7A6B5C4D}.Release|x86.Build.0 = Release|Any CPU
		{48A6A5FB-8263-1BBF-52B6-8F16344F7B0F}.Debug|Any CPU.ActiveCfg = Debug|Any CPU
		{48A6A5FB-8263-1BBF-52B6-8F16344F7B0F}.Debug|Any CPU.Build.0 = Debug|Any CPU
		{48A6A5FB-8263-1BBF-52B6-8F16344F7B0F}.Debug|x64.ActiveCfg = Debug|Any CPU
		{48A6A5FB-8263-1BBF-52B6-8F16344F7B0F}.Debug|x64.Build.0 = Debug|Any CPU
		{48A6A5FB-8263-1BBF-52B6-8F16344F7B0F}.Debug|x86.ActiveCfg = Debug|Any CPU
		{48A6A5FB-8263-1BBF-52B6-8F16344F7B0F}.Debug|x86.Build.0 = Debug|Any CPU
		{48A6A5FB-8263-1BBF-52B6-8F16344F7B0F}.Release|Any CPU.ActiveCfg = Release|Any CPU
		{48A6A5FB-8263-1BBF-52B6-8F16344F7B0F}.Release|Any CPU.Build.0 = Release|Any CPU
		{48A6A5FB-8263-1BBF-52B6-8F16344F7B0F}.Release|x64.ActiveCfg = Release|Any CPU
		{48A6A5FB-8263-1BBF-52B6-8F16344F7B0F}.Release|x64.Build.0 = Release|Any CPU
		{48A6A5FB-8263-1BBF-52B6-8F16344F7B0F}.Release|x86.ActiveCfg = Release|Any CPU
		{48A6A5FB-8263-1BBF-52B6-8F16344F7B0F}.Release|x86.Build.0 = Release|Any CPU
		{2A3B4C5D-6E7F-8901-2345-6789ABCDEF01}.Debug|Any CPU.ActiveCfg = Debug|Any CPU
		{2A3B4C5D-6E7F-8901-2345-6789ABCDEF01}.Debug|Any CPU.Build.0 = Debug|Any CPU
		{2A3B4C5D-6E7F-8901-2345-6789ABCDEF01}.Debug|Any CPU.Deploy.0 = Debug|Any CPU
		{2A3B4C5D-6E7F-8901-2345-6789ABCDEF01}.Debug|x64.ActiveCfg = Debug|Any CPU
		{2A3B4C5D-6E7F-8901-2345-6789ABCDEF01}.Debug|x64.Build.0 = Debug|Any CPU
		{2A3B4C5D-6E7F-8901-2345-6789ABCDEF01}.Debug|x64.Deploy.0 = Debug|Any CPU
		{2A3B4C5D-6E7F-8901-2345-6789ABCDEF01}.Debug|x86.ActiveCfg = Debug|Any CPU
		{2A3B4C5D-6E7F-8901-2345-6789ABCDEF01}.Debug|x86.Build.0 = Debug|Any CPU
		{2A3B4C5D-6E7F-8901-2345-6789ABCDEF01}.Debug|x86.Deploy.0 = Debug|Any CPU
		{2A3B4C5D-6E7F-8901-2345-6789ABCDEF01}.Release|Any CPU.ActiveCfg = Release|Any CPU
		{2A3B4C5D-6E7F-8901-2345-6789ABCDEF01}.Release|Any CPU.Build.0 = Release|Any CPU
		{2A3B4C5D-6E7F-8901-2345-6789ABCDEF01}.Release|Any CPU.Deploy.0 = Release|Any CPU
		{2A3B4C5D-6E7F-8901-2345-6789ABCDEF01}.Release|x64.ActiveCfg = Release|Any CPU
		{2A3B4C5D-6E7F-8901-2345-6789ABCDEF01}.Release|x64.Build.0 = Release|Any CPU
		{2A3B4C5D-6E7F-8901-2345-6789ABCDEF01}.Release|x64.Deploy.0 = Release|Any CPU
		{2A3B4C5D-6E7F-8901-2345-6789ABCDEF01}.Release|x86.ActiveCfg = Release|Any CPU
		{2A3B4C5D-6E7F-8901-2345-6789ABCDEF01}.Release|x86.Build.0 = Release|Any CPU
		{2A3B4C5D-6E7F-8901-2345-6789ABCDEF01}.Release|x86.Deploy.0 = Release|Any CPU
		{3B4C5D6E-7F89-0123-4567-89ABCDEF0123}.Debug|Any CPU.ActiveCfg = Debug|Any CPU
		{3B4C5D6E-7F89-0123-4567-89ABCDEF0123}.Debug|Any CPU.Build.0 = Debug|Any CPU
		{3B4C5D6E-7F89-0123-4567-89ABCDEF0123}.Debug|Any CPU.Deploy.0 = Debug|Any CPU
		{3B4C5D6E-7F89-0123-4567-89ABCDEF0123}.Debug|x64.ActiveCfg = Debug|Any CPU
		{3B4C5D6E-7F89-0123-4567-89ABCDEF0123}.Debug|x64.Build.0 = Debug|Any CPU
		{3B4C5D6E-7F89-0123-4567-89ABCDEF0123}.Debug|x64.Deploy.0 = Debug|Any CPU
		{3B4C5D6E-7F89-0123-4567-89ABCDEF0123}.Debug|x86.ActiveCfg = Debug|Any CPU
		{3B4C5D6E-7F89-0123-4567-89ABCDEF0123}.Debug|x86.Build.0 = Debug|Any CPU
		{3B4C5D6E-7F89-0123-4567-89ABCDEF0123}.Debug|x86.Deploy.0 = Debug|Any CPU
		{3B4C5D6E-7F89-0123-4567-89ABCDEF0123}.Release|Any CPU.ActiveCfg = Release|Any CPU
		{3B4C5D6E-7F89-0123-4567-89ABCDEF0123}.Release|Any CPU.Build.0 = Release|Any CPU
		{3B4C5D6E-7F89-0123-4567-89ABCDEF0123}.Release|Any CPU.Deploy.0 = Release|Any CPU
		{3B4C5D6E-7F89-0123-4567-89ABCDEF0123}.Release|x64.ActiveCfg = Release|Any CPU
		{3B4C5D6E-7F89-0123-4567-89ABCDEF0123}.Release|x64.Build.0 = Release|Any CPU
		{3B4C5D6E-7F89-0123-4567-89ABCDEF0123}.Release|x64.Deploy.0 = Release|Any CPU
		{3B4C5D6E-7F89-0123-4567-89ABCDEF0123}.Release|x86.ActiveCfg = Release|Any CPU
		{3B4C5D6E-7F89-0123-4567-89ABCDEF0123}.Release|x86.Build.0 = Release|Any CPU
		{3B4C5D6E-7F89-0123-4567-89ABCDEF0123}.Release|x86.Deploy.0 = Release|Any CPU
		{E0D4DA84-BF90-030D-BA16-BCF519702CC8}.Debug|Any CPU.ActiveCfg = Debug|Any CPU
		{E0D4DA84-BF90-030D-BA16-BCF519702CC8}.Debug|Any CPU.Build.0 = Debug|Any CPU
		{E0D4DA84-BF90-030D-BA16-BCF519702CC8}.Debug|Any CPU.Deploy.0 = Debug|Any CPU
		{E0D4DA84-BF90-030D-BA16-BCF519702CC8}.Debug|x64.ActiveCfg = Debug|Any CPU
		{E0D4DA84-BF90-030D-BA16-BCF519702CC8}.Debug|x64.Build.0 = Debug|Any CPU
		{E0D4DA84-BF90-030D-BA16-BCF519702CC8}.Debug|x64.Deploy.0 = Debug|Any CPU
		{E0D4DA84-BF90-030D-BA16-BCF519702CC8}.Debug|x86.ActiveCfg = Debug|Any CPU
		{E0D4DA84-BF90-030D-BA16-BCF519702CC8}.Debug|x86.Build.0 = Debug|Any CPU
		{E0D4DA84-BF90-030D-BA16-BCF519702CC8}.Debug|x86.Deploy.0 = Debug|Any CPU
		{E0D4DA84-BF90-030D-BA16-BCF519702CC8}.Release|Any CPU.ActiveCfg = Release|Any CPU
		{E0D4DA84-BF90-030D-BA16-BCF519702CC8}.Release|Any CPU.Build.0 = Release|Any CPU
		{E0D4DA84-BF90-030D-BA16-BCF519702CC8}.Release|Any CPU.Deploy.0 = Release|Any CPU
		{E0D4DA84-BF90-030D-BA16-BCF519702CC8}.Release|x64.ActiveCfg = Release|Any CPU
		{E0D4DA84-BF90-030D-BA16-BCF519702CC8}.Release|x64.Build.0 = Release|Any CPU
		{E0D4DA84-BF90-030D-BA16-BCF519702CC8}.Release|x64.Deploy.0 = Release|Any CPU
		{E0D4DA84-BF90-030D-BA16-BCF519702CC8}.Release|x86.ActiveCfg = Release|Any CPU
		{E0D4DA84-BF90-030D-BA16-BCF519702CC8}.Release|x86.Build.0 = Release|Any CPU
		{E0D4DA84-BF90-030D-BA16-BCF519702CC8}.Release|x86.Deploy.0 = Release|Any CPU
		{19D871AC-710A-4AEF-ABA5-17CEFC61EEB7}.Debug|Any CPU.ActiveCfg = Debug|Any CPU
		{19D871AC-710A-4AEF-ABA5-17CEFC61EEB7}.Debug|Any CPU.Build.0 = Debug|Any CPU
		{19D871AC-710A-4AEF-ABA5-17CEFC61EEB7}.Debug|x64.ActiveCfg = Debug|x64
		{19D871AC-710A-4AEF-ABA5-17CEFC61EEB7}.Debug|x64.Build.0 = Debug|x64
		{19D871AC-710A-4AEF-ABA5-17CEFC61EEB7}.Debug|x86.ActiveCfg = Debug|Any CPU
		{19D871AC-710A-4AEF-ABA5-17CEFC61EEB7}.Debug|x86.Build.0 = Debug|Any CPU
		{19D871AC-710A-4AEF-ABA5-17CEFC61EEB7}.Release|Any CPU.ActiveCfg = Release|Any CPU
		{19D871AC-710A-4AEF-ABA5-17CEFC61EEB7}.Release|Any CPU.Build.0 = Release|Any CPU
		{19D871AC-710A-4AEF-ABA5-17CEFC61EEB7}.Release|x64.ActiveCfg = Release|x64
		{19D871AC-710A-4AEF-ABA5-17CEFC61EEB7}.Release|x64.Build.0 = Release|x64
		{19D871AC-710A-4AEF-ABA5-17CEFC61EEB7}.Release|x86.ActiveCfg = Release|x86
		{19D871AC-710A-4AEF-ABA5-17CEFC61EEB7}.Release|x86.Build.0 = Release|x86
		{263995E9-ED34-CB3A-4AD8-281CFDFC873F}.Debug|Any CPU.ActiveCfg = Debug|Any CPU
		{263995E9-ED34-CB3A-4AD8-281CFDFC873F}.Debug|Any CPU.Build.0 = Debug|Any CPU
		{263995E9-ED34-CB3A-4AD8-281CFDFC873F}.Debug|x64.ActiveCfg = Debug|Any CPU
		{263995E9-ED34-CB3A-4AD8-281CFDFC873F}.Debug|x64.Build.0 = Debug|Any CPU
		{263995E9-ED34-CB3A-4AD8-281CFDFC873F}.Debug|x86.ActiveCfg = Debug|Any CPU
		{263995E9-ED34-CB3A-4AD8-281CFDFC873F}.Debug|x86.Build.0 = Debug|Any CPU
		{263995E9-ED34-CB3A-4AD8-281CFDFC873F}.Release|Any CPU.ActiveCfg = Release|Any CPU
		{263995E9-ED34-CB3A-4AD8-281CFDFC873F}.Release|Any CPU.Build.0 = Release|Any CPU
		{263995E9-ED34-CB3A-4AD8-281CFDFC873F}.Release|x64.ActiveCfg = Release|Any CPU
		{263995E9-ED34-CB3A-4AD8-281CFDFC873F}.Release|x64.Build.0 = Release|Any CPU
		{263995E9-ED34-CB3A-4AD8-281CFDFC873F}.Release|x86.ActiveCfg = Release|Any CPU
		{263995E9-ED34-CB3A-4AD8-281CFDFC873F}.Release|x86.Build.0 = Release|Any CPU
	EndGlobalSection
	GlobalSection(SolutionProperties) = preSolution
		HideSolutionNode = FALSE
	EndGlobalSection
	GlobalSection(NestedProjects) = preSolution
		{B9EB7923-1A73-4F91-8112-7548664DC0CF} = {A1B2C3D4-E5F6-7890-ABCD-EF1234567890}
		{1FC6AC99-D9CF-497A-9240-8D3B2079E781} = {A1B2C3D4-E5F6-7890-ABCD-EF1234567890}
		{BAB69FCF-04FE-44ED-9DE9-318449DAF19E} = {C3D4E5F6-A7B8-9012-CDEF-123456789012}
		{D5C415DA-A87A-8F21-0004-5ED7F593BDA1} = {F8B29F87-CAE2-4246-ADC9-00FCFD26C22F}
		{A5B6C7D8-E9F0-1234-5678-9ABCDEF01234} = {F8B29F87-CAE2-4246-ADC9-00FCFD26C22F}
		{ED5E93F9-7CD2-EF7F-D1F7-202ACB435049} = {C3D4E5F6-A7B8-9012-CDEF-123456789012}
		{A1B2C3D4-5678-9ABC-DEF0-123456789ABC} = {19ECC34F-C8B2-4CB0-AEFF-090EF0EC46B8}
		{8A5CEE1F-703C-043E-2EF2-7516CE4CF2CB} = {A1B2C3D4-E5F6-7890-ABCD-EF1234567890}
		{80390699-CA77-4FF8-A7A5-CD9A5768D475} = {A1B2C3D4-E5F6-7890-ABCD-EF1234567890}
		{8E68006C-D65F-AB8A-081A-BC3CCC9A35DC} = {C3D4E5F6-A7B8-9012-CDEF-123456789012}
		{F1A2B3C4-D5E6-7890-ABCD-EF9876543210} = {19ECC34F-C8B2-4CB0-AEFF-090EF0EC46B8}
		{9A8B7C6D-5E4F-3A2B-1C0D-9E8F7A6B5C4D} = {C3D4E5F6-A7B8-9012-CDEF-123456789012}
		{48A6A5FB-8263-1BBF-52B6-8F16344F7B0F} = {C3D4E5F6-A7B8-9012-CDEF-123456789012}
		{2A3B4C5D-6E7F-8901-2345-6789ABCDEF01} = {A1B2C3D4-E5F6-7890-ABCD-EF1234567890}
		{3B4C5D6E-7F89-0123-4567-89ABCDEF0123} = {A1B2C3D4-E5F6-7890-ABCD-EF1234567890}
		{E0D4DA84-BF90-030D-BA16-BCF519702CC8} = {C3D4E5F6-A7B8-9012-CDEF-123456789012}
		{19D871AC-710A-4AEF-ABA5-17CEFC61EEB7} = {A1B2C3D4-E5F6-7890-ABCD-EF1234567890}
		{263995E9-ED34-CB3A-4AD8-281CFDFC873F} = {C3D4E5F6-A7B8-9012-CDEF-123456789012}
	EndGlobalSection
	GlobalSection(ExtensibilityGlobals) = postSolution
		SolutionGuid = {1F9E84F3-54D4-4849-89A2-B6D0BF288902}
	EndGlobalSection
EndGlobal
